
Microsoft Visual Studio Solution File, Format Version 12.00
# Visual Studio 15
VisualStudioVersion = 15.0.28307.168
MinimumVisualStudioVersion = 10.0.40219.1
Project("{FAE04EC0-301F-11D3-BF4B-00C04F79EFBC}") = "ListFunctions", "ListFunctions\ListFunctions.csproj", "{34EA760F-6400-414E-A001-A6C4871B9305}"
EndProject
Project("{FAE04EC0-301F-11D3-BF4B-00C04F79EFBC}") = "ListConsole", "ListConsole\ListConsole.csproj", "{E3BE3D6A-DDDF-455C-BF40-B7282DDC18C6}"
EndProject
Project("{FAE04EC0-301F-11D3-BF4B-00C04F79EFBC}") = "ListTests", "ListTests\ListTests.csproj", "{C5C58176-5E3B-4369-AFEF-BCE4D2C337A4}"
EndProject
Global
	GlobalSection(SolutionConfigurationPlatforms) = preSolution
		Debug|Any CPU = Debug|Any CPU
		Release|Any CPU = Release|Any CPU
	EndGlobalSection
	GlobalSection(ProjectConfigurationPlatforms) = postSolution
		{34EA760F-6400-414E-A001-A6C4871B9305}.Debug|Any CPU.ActiveCfg = Debug|Any CPU
		{34EA760F-6400-414E-A001-A6C4871B9305}.Debug|Any CPU.Build.0 = Debug|Any CPU
		{34EA760F-6400-414E-A001-A6C4871B9305}.Release|Any CPU.ActiveCfg = Release|Any CPU
		{34EA760F-6400-414E-A001-A6C4871B9305}.Release|Any CPU.Build.0 = Release|Any CPU
		{E3BE3D6A-DDDF-455C-BF40-B7282DDC18C6}.Debug|Any CPU.ActiveCfg = Debug|Any CPU
		{E3BE3D6A-DDDF-455C-BF40-B7282DDC18C6}.Debug|Any CPU.Build.0 = Debug|Any CPU
		{E3BE3D6A-DDDF-455C-BF40-B7282DDC18C6}.Release|Any CPU.ActiveCfg = Release|Any CPU
		{E3BE3D6A-DDDF-455C-BF40-B7282DDC18C6}.Release|Any CPU.Build.0 = Release|Any CPU
		{C5C58176-5E3B-4369-AFEF-BCE4D2C337A4}.Debug|Any CPU.ActiveCfg = Debug|Any CPU
		{C5C58176-5E3B-4369-AFEF-BCE4D2C337A4}.Debug|Any CPU.Build.0 = Debug|Any CPU
		{C5C58176-5E3B-4369-AFEF-BCE4D2C337A4}.Release|Any CPU.ActiveCfg = Release|Any CPU
		{C5C58176-5E3B-4369-AFEF-BCE4D2C337A4}.Release|Any CPU.Build.0 = Release|Any CPU
	EndGlobalSection
	GlobalSection(SolutionProperties) = preSolution
		HideSolutionNode = FALSE
	EndGlobalSection
	GlobalSection(ExtensibilityGlobals) = postSolution
		SolutionGuid = {6A6B17F6-1BB9-4BE7-A657-D9F998E4A4CB}
	EndGlobalSection
EndGlobal
