
Microsoft Visual Studio Solution File, Format Version 12.00
# Visual Studio 15
VisualStudioVersion = 15.0.28307.271
MinimumVisualStudioVersion = 10.0.40219.1
Project("{FAE04EC0-301F-11D3-BF4B-00C04F79EFBC}") = "Geometry.Tests", "Geometry.Tests\Geometry.Tests.csproj", "{637A8878-4527-4C0F-8076-D79A6FA7C604}"
EndProject
Global
	GlobalSection(SolutionConfigurationPlatforms) = preSolution
		Debug|Any CPU = Debug|Any CPU
		Release|Any CPU = Release|Any CPU
	EndGlobalSection
	GlobalSection(ProjectConfigurationPlatforms) = postSolution
		{637A8878-4527-4C0F-8076-D79A6FA7C604}.Debug|Any CPU.ActiveCfg = Debug|Any CPU
		{637A8878-4527-4C0F-8076-D79A6FA7C604}.Debug|Any CPU.Build.0 = Debug|Any CPU
		{637A8878-4527-4C0F-8076-D79A6FA7C604}.Release|Any CPU.ActiveCfg = Release|Any CPU
		{637A8878-4527-4C0F-8076-D79A6FA7C604}.Release|Any CPU.Build.0 = Release|Any CPU
	EndGlobalSection
	GlobalSection(SolutionProperties) = preSolution
		HideSolutionNode = FALSE
	EndGlobalSection
	GlobalSection(ExtensibilityGlobals) = postSolution
		SolutionGuid = {740C5209-EC9E-4DAC-99F3-DB9B5FD68E40}
	EndGlobalSection
EndGlobal
