
Microsoft Visual Studio Solution File, Format Version 12.00
# Visual Studio 15
VisualStudioVersion = 15.0.28010.2016
MinimumVisualStudioVersion = 10.0.40219.1
Project("{FAE04EC0-301F-11D3-BF4B-00C04F79EFBC}") = "IterationTests", "IterationTests\IterationTests.csproj", "{27477A47-35D9-4004-BD78-C5702D91BB6C}"
EndProject
Project("{FAE04EC0-301F-11D3-BF4B-00C04F79EFBC}") = "CountVonConsole", "CountVonConsole\CountVonConsole.csproj", "{BE2673D7-EAE1-4240-A506-DFD35AD638B9}"
EndProject
Project("{FAE04EC0-301F-11D3-BF4B-00C04F79EFBC}") = "CountVonLibrary", "CountVonLibrary\CountVonLibrary.csproj", "{0CC8CB67-2B86-4234-830B-03CD76713AD9}"
EndProject
Global
	GlobalSection(SolutionConfigurationPlatforms) = preSolution
		Debug|Any CPU = Debug|Any CPU
		Release|Any CPU = Release|Any CPU
	EndGlobalSection
	GlobalSection(ProjectConfigurationPlatforms) = postSolution
		{27477A47-35D9-4004-BD78-C5702D91BB6C}.Debug|Any CPU.ActiveCfg = Debug|Any CPU
		{27477A47-35D9-4004-BD78-C5702D91BB6C}.Debug|Any CPU.Build.0 = Debug|Any CPU
		{27477A47-35D9-4004-BD78-C5702D91BB6C}.Release|Any CPU.ActiveCfg = Release|Any CPU
		{27477A47-35D9-4004-BD78-C5702D91BB6C}.Release|Any CPU.Build.0 = Release|Any CPU
		{BE2673D7-EAE1-4240-A506-DFD35AD638B9}.Debug|Any CPU.ActiveCfg = Debug|Any CPU
		{BE2673D7-EAE1-4240-A506-DFD35AD638B9}.Debug|Any CPU.Build.0 = Debug|Any CPU
		{BE2673D7-EAE1-4240-A506-DFD35AD638B9}.Release|Any CPU.ActiveCfg = Release|Any CPU
		{BE2673D7-EAE1-4240-A506-DFD35AD638B9}.Release|Any CPU.Build.0 = Release|Any CPU
		{0CC8CB67-2B86-4234-830B-03CD76713AD9}.Debug|Any CPU.ActiveCfg = Debug|Any CPU
		{0CC8CB67-2B86-4234-830B-03CD76713AD9}.Debug|Any CPU.Build.0 = Debug|Any CPU
		{0CC8CB67-2B86-4234-830B-03CD76713AD9}.Release|Any CPU.ActiveCfg = Release|Any CPU
		{0CC8CB67-2B86-4234-830B-03CD76713AD9}.Release|Any CPU.Build.0 = Release|Any CPU
	EndGlobalSection
	GlobalSection(SolutionProperties) = preSolution
		HideSolutionNode = FALSE
	EndGlobalSection
	GlobalSection(ExtensibilityGlobals) = postSolution
		SolutionGuid = {F86BBB80-3C4A-4C66-B309-30BF726126EC}
	EndGlobalSection
EndGlobal
