
Microsoft Visual Studio Solution File, Format Version 12.00
# Visual Studio 15
VisualStudioVersion = 15.0.28307.421
MinimumVisualStudioVersion = 10.0.40219.1
Project("{FAE04EC0-301F-11D3-BF4B-00C04F79EFBC}") = "Words", "Words\Words.csproj", "{1BA78F6D-066F-41C1-B0CD-9E478F14F187}"
EndProject
Global
	GlobalSection(SolutionConfigurationPlatforms) = preSolution
		Debug|Any CPU = Debug|Any CPU
		Release|Any CPU = Release|Any CPU
	EndGlobalSection
	GlobalSection(ProjectConfigurationPlatforms) = postSolution
		{1BA78F6D-066F-41C1-B0CD-9E478F14F187}.Debug|Any CPU.ActiveCfg = Debug|Any CPU
		{1BA78F6D-066F-41C1-B0CD-9E478F14F187}.Debug|Any CPU.Build.0 = Debug|Any CPU
		{1BA78F6D-066F-41C1-B0CD-9E478F14F187}.Release|Any CPU.ActiveCfg = Release|Any CPU
		{1BA78F6D-066F-41C1-B0CD-9E478F14F187}.Release|Any CPU.Build.0 = Release|Any CPU
	EndGlobalSection
	GlobalSection(SolutionProperties) = preSolution
		HideSolutionNode = FALSE
	EndGlobalSection
	GlobalSection(ExtensibilityGlobals) = postSolution
		SolutionGuid = {09404022-8536-4D06-AA93-A80F9DF3E7E1}
	EndGlobalSection
EndGlobal
