
Microsoft Visual Studio Solution File, Format Version 12.00
# Visual Studio 15
VisualStudioVersion = 15.0.26020.0
MinimumVisualStudioVersion = 10.0.40219.1
Project("{FAE04EC0-301F-11D3-BF4B-00C04F79EFBC}") = "Shapes", "Shapes\Shapes.csproj", "{B80E4709-C381-43D0-9F0D-6755F6313771}"
EndProject
Project("{FAE04EC0-301F-11D3-BF4B-00C04F79EFBC}") = "UnitTestShapes", "UnitTestShapes\UnitTestShapes.csproj", "{A2793934-3670-493A-9BA7-A739F1A16E28}"
EndProject
Global
	GlobalSection(SolutionConfigurationPlatforms) = preSolution
		Debug|Any CPU = Debug|Any CPU
		Release|Any CPU = Release|Any CPU
	EndGlobalSection
	GlobalSection(ProjectConfigurationPlatforms) = postSolution
		{B80E4709-C381-43D0-9F0D-6755F6313771}.Debug|Any CPU.ActiveCfg = Debug|Any CPU
		{B80E4709-C381-43D0-9F0D-6755F6313771}.Debug|Any CPU.Build.0 = Debug|Any CPU
		{B80E4709-C381-43D0-9F0D-6755F6313771}.Release|Any CPU.ActiveCfg = Release|Any CPU
		{B80E4709-C381-43D0-9F0D-6755F6313771}.Release|Any CPU.Build.0 = Release|Any CPU
		{A2793934-3670-493A-9BA7-A739F1A16E28}.Debug|Any CPU.ActiveCfg = Debug|Any CPU
		{A2793934-3670-493A-9BA7-A739F1A16E28}.Debug|Any CPU.Build.0 = Debug|Any CPU
		{A2793934-3670-493A-9BA7-A739F1A16E28}.Release|Any CPU.ActiveCfg = Release|Any CPU
		{A2793934-3670-493A-9BA7-A739F1A16E28}.Release|Any CPU.Build.0 = Release|Any CPU
	EndGlobalSection
	GlobalSection(SolutionProperties) = preSolution
		HideSolutionNode = FALSE
	EndGlobalSection
EndGlobal
