
Microsoft Visual Studio Solution File, Format Version 12.00
# Visual Studio 15
VisualStudioVersion = 15.0.28010.2016
MinimumVisualStudioVersion = 10.0.40219.1
Project("{FAE04EC0-301F-11D3-BF4B-00C04F79EFBC}") = "october", "october\october.csproj", "{ABFCFBB1-2E80-41F2-A0EA-9E5538CBB2DB}"
EndProject
Global
	GlobalSection(SolutionConfigurationPlatforms) = preSolution
		Debug|Any CPU = Debug|Any CPU
		Release|Any CPU = Release|Any CPU
	EndGlobalSection
	GlobalSection(ProjectConfigurationPlatforms) = postSolution
		{ABFCFBB1-2E80-41F2-A0EA-9E5538CBB2DB}.Debug|Any CPU.ActiveCfg = Debug|Any CPU
		{ABFCFBB1-2E80-41F2-A0EA-9E5538CBB2DB}.Debug|Any CPU.Build.0 = Debug|Any CPU
		{ABFCFBB1-2E80-41F2-A0EA-9E5538CBB2DB}.Release|Any CPU.ActiveCfg = Release|Any CPU
		{ABFCFBB1-2E80-41F2-A0EA-9E5538CBB2DB}.Release|Any CPU.Build.0 = Release|Any CPU
	EndGlobalSection
	GlobalSection(SolutionProperties) = preSolution
		HideSolutionNode = FALSE
	EndGlobalSection
	GlobalSection(ExtensibilityGlobals) = postSolution
		SolutionGuid = {A49D4ABD-CA83-4AE4-B7F0-BBE4170B0AD3}
	EndGlobalSection
EndGlobal
