
Microsoft Visual Studio Solution File, Format Version 12.00
# Visual Studio Version 16
VisualStudioVersion = 16.0.29613.14
MinimumVisualStudioVersion = 10.0.40219.1
Project("{FAE04EC0-301F-11D3-BF4B-00C04F79EFBC}") = "FactoryPattern.Lib", "FactoryPattern.Lib\FactoryPattern.Lib.csproj", "{D0366E7E-6DE1-4B5D-9711-D984E28F097A}"
EndProject
Project("{FAE04EC0-301F-11D3-BF4B-00C04F79EFBC}") = "FactoryPattern.Tests", "FactoryPattern.Tests\FactoryPattern.Tests.csproj", "{4C0548CC-1009-44E5-B079-72765B38DAA7}"
EndProject
Global
	GlobalSection(SolutionConfigurationPlatforms) = preSolution
		Debug|Any CPU = Debug|Any CPU
		Release|Any CPU = Release|Any CPU
	EndGlobalSection
	GlobalSection(ProjectConfigurationPlatforms) = postSolution
		{D0366E7E-6DE1-4B5D-9711-D984E28F097A}.Debug|Any CPU.ActiveCfg = Debug|Any CPU
		{D0366E7E-6DE1-4B5D-9711-D984E28F097A}.Debug|Any CPU.Build.0 = Debug|Any CPU
		{D0366E7E-6DE1-4B5D-9711-D984E28F097A}.Release|Any CPU.ActiveCfg = Release|Any CPU
		{D0366E7E-6DE1-4B5D-9711-D984E28F097A}.Release|Any CPU.Build.0 = Release|Any CPU
		{4C0548CC-1009-44E5-B079-72765B38DAA7}.Debug|Any CPU.ActiveCfg = Debug|Any CPU
		{4C0548CC-1009-44E5-B079-72765B38DAA7}.Debug|Any CPU.Build.0 = Debug|Any CPU
		{4C0548CC-1009-44E5-B079-72765B38DAA7}.Release|Any CPU.ActiveCfg = Release|Any CPU
		{4C0548CC-1009-44E5-B079-72765B38DAA7}.Release|Any CPU.Build.0 = Release|Any CPU
	EndGlobalSection
	GlobalSection(SolutionProperties) = preSolution
		HideSolutionNode = FALSE
	EndGlobalSection
	GlobalSection(ExtensibilityGlobals) = postSolution
		SolutionGuid = {C15AF94B-93C6-4132-8FE5-2D3E6469C8DE}
	EndGlobalSection
EndGlobal
