
Microsoft Visual Studio Solution File, Format Version 12.00
# Visual Studio 15
VisualStudioVersion = 15.0.28307.572
MinimumVisualStudioVersion = 10.0.40219.1
Project("{FAE04EC0-301F-11D3-BF4B-00C04F79EFBC}") = "StaffAllocation.Lib", "StaffAllocation.Lib\StaffAllocation.Lib.csproj", "{12353E05-8FB7-45EB-AF03-0F30D76456EA}"
EndProject
Global
	GlobalSection(SolutionConfigurationPlatforms) = preSolution
		Debug|Any CPU = Debug|Any CPU
		Release|Any CPU = Release|Any CPU
	EndGlobalSection
	GlobalSection(ProjectConfigurationPlatforms) = postSolution
		{12353E05-8FB7-45EB-AF03-0F30D76456EA}.Debug|Any CPU.ActiveCfg = Debug|Any CPU
		{12353E05-8FB7-45EB-AF03-0F30D76456EA}.Debug|Any CPU.Build.0 = Debug|Any CPU
		{12353E05-8FB7-45EB-AF03-0F30D76456EA}.Release|Any CPU.ActiveCfg = Release|Any CPU
		{12353E05-8FB7-45EB-AF03-0F30D76456EA}.Release|Any CPU.Build.0 = Release|Any CPU
	EndGlobalSection
	GlobalSection(SolutionProperties) = preSolution
		HideSolutionNode = FALSE
	EndGlobalSection
	GlobalSection(ExtensibilityGlobals) = postSolution
		SolutionGuid = {506C21C4-5E92-4506-813C-356AB9F9DEC5}
	EndGlobalSection
EndGlobal
